{
  "dependencies": {
    "fullcalendar": {
      "version": "3.7.0",
      "resolved": "https://registry.npmjs.org/fullcalendar/-/fullcalendar-3.7.0.tgz",
      "from": "fullcalendar@3.7.0"
    },
    "fullcalendar-scheduler": {
      "version": "1.9.0",
      "resolved": "https://registry.npmjs.org/fullcalendar-scheduler/-/fullcalendar-scheduler-1.9.0.tgz",
      "from": "fullcalendar-scheduler@1.9.0"
    },
    "jquery": {
      "version": "3.2.1",
      "resolved": "https://registry.npmjs.org/jquery/-/jquery-3.2.1.tgz",
      "from": "jquery@>=2.0.0 <4.0.0"
    },
    "moment": {
      "version": "2.19.2",
      "resolved": "https://registry.npmjs.org/moment/-/moment-2.19.2.tgz",
      "from": "moment@>=2.9.0 <3.0.0"
    }
  }
}
