{
  "dependencies": {
    "fullcalendar": {
      "version": "3.0.1",
      "resolved": "https://registry.npmjs.org/fullcalendar/-/fullcalendar-3.0.1.tgz",
      "from": "fullcalendar@3.0.1"
    },
    "fullcalendar-scheduler": {
      "version": "1.4.0",
      "resolved": "https://registry.npmjs.org/fullcalendar-scheduler/-/fullcalendar-scheduler-1.4.0.tgz",
      "from": "fullcalendar-scheduler@1.4.0"
    },
    "jquery": {
      "version": "3.1.1",
      "resolved": "https://registry.npmjs.org/jquery/-/jquery-3.1.1.tgz",
      "from": "jquery@>=2.0.0"
    },
    "moment": {
      "version": "2.15.2",
      "resolved": "https://registry.npmjs.org/moment/-/moment-2.15.2.tgz",
      "from": "moment@>=2.9.0"
    }
  }
}
